
Microsoft Visual Studio Solution File, Format Version 12.00
# Visual Studio Version 17
VisualStudioVersion = 17.4.33110.190
MinimumVisualStudioVersion = 10.0.40219.1
Project("{FAE04EC0-301F-11D3-BF4B-00C04F79EFBC}") = "BotwNxHavokFixer", "src\BotwNxHavokFixer.csproj", "{77439C4B-624D-44B3-81F5-CE0A60D63429}"
EndProject
Global
	GlobalSection(SolutionConfigurationPlatforms) = preSolution
		Debug|Any CPU = Debug|Any CPU
		Release|Any CPU = Release|Any CPU
	EndGlobalSection
	GlobalSection(ProjectConfigurationPlatforms) = postSolution
		{77439C4B-624D-44B3-81F5-CE0A60D63429}.Debug|Any CPU.ActiveCfg = Debug|Any CPU
		{77439C4B-624D-44B3-81F5-CE0A60D63429}.Debug|Any CPU.Build.0 = Debug|Any CPU
		{77439C4B-624D-44B3-81F5-CE0A60D63429}.Release|Any CPU.ActiveCfg = Release|Any CPU
		{77439C4B-624D-44B3-81F5-CE0A60D63429}.Release|Any CPU.Build.0 = Release|Any CPU
	EndGlobalSection
	GlobalSection(SolutionProperties) = preSolution
		HideSolutionNode = FALSE
	EndGlobalSection
	GlobalSection(ExtensibilityGlobals) = postSolution
		SolutionGuid = {0D71C10E-A2C2-4734-8160-7575AE86A8EA}
	EndGlobalSection
EndGlobal
